
Microsoft Visual Studio Solution File, Format Version 12.00
Project("{FAE04EC0-301F-11D3-BF4B-00C04F79EFBC}") = "RhoMicro.BindSight", "src\RhoMicro.BindSight\RhoMicro.BindSight.csproj", "{293AF8E4-B5CD-4062-BA26-756A5F5890FD}"
EndProject
Project("{FAE04EC0-301F-11D3-BF4B-00C04F79EFBC}") = "RhoMicro.BindSight.ExploratoryTests", "tests\RhoMicro.BindSight.ExploratoryTests\RhoMicro.BindSight.ExploratoryTests.csproj", "{B0BD5335-2C97-454B-9EF2-585AB39EC3D2}"
EndProject
Project("{FAE04EC0-301F-11D3-BF4B-00C04F79EFBC}") = "RhoMicro.BindSight.Tests", "tests\RhoMicro.BindSight.Tests\RhoMicro.BindSight.Tests.csproj", "{771BEB37-1F48-40D1-BFF4-2DB83CC2A127}"
EndProject
Project("{FAE04EC0-301F-11D3-BF4B-00C04F79EFBC}") = "ReferenceGenerator", "docs\ReferenceGenerator\ReferenceGenerator.csproj", "{0134C876-BB2A-468D-9D3F-000545B49F1C}"
EndProject
Project("{FAE04EC0-301F-11D3-BF4B-00C04F79EFBC}") = "ReferenceGenerator.Tests", "tests\ReferenceGenerator.Tests\ReferenceGenerator.Tests.csproj", "{7727685E-F373-40D5-90A0-67C5F028970C}"
EndProject
Project("{FAE04EC0-301F-11D3-BF4B-00C04F79EFBC}") = "RoslynNreRepro", "tests\RoslynNreRepro\RoslynNreRepro.csproj", "{88EB9A6B-36CC-4ADD-AECA-510AD87C2DBF}"
EndProject
Global
	GlobalSection(SolutionConfigurationPlatforms) = preSolution
		Debug|Any CPU = Debug|Any CPU
		Release|Any CPU = Release|Any CPU
	EndGlobalSection
	GlobalSection(ProjectConfigurationPlatforms) = postSolution
		{293AF8E4-B5CD-4062-BA26-756A5F5890FD}.Debug|Any CPU.ActiveCfg = Debug|Any CPU
		{293AF8E4-B5CD-4062-BA26-756A5F5890FD}.Debug|Any CPU.Build.0 = Debug|Any CPU
		{293AF8E4-B5CD-4062-BA26-756A5F5890FD}.Release|Any CPU.ActiveCfg = Release|Any CPU
		{293AF8E4-B5CD-4062-BA26-756A5F5890FD}.Release|Any CPU.Build.0 = Release|Any CPU
		{B0BD5335-2C97-454B-9EF2-585AB39EC3D2}.Debug|Any CPU.ActiveCfg = Debug|Any CPU
		{B0BD5335-2C97-454B-9EF2-585AB39EC3D2}.Debug|Any CPU.Build.0 = Debug|Any CPU
		{B0BD5335-2C97-454B-9EF2-585AB39EC3D2}.Release|Any CPU.ActiveCfg = Release|Any CPU
		{B0BD5335-2C97-454B-9EF2-585AB39EC3D2}.Release|Any CPU.Build.0 = Release|Any CPU
		{771BEB37-1F48-40D1-BFF4-2DB83CC2A127}.Debug|Any CPU.ActiveCfg = Debug|Any CPU
		{771BEB37-1F48-40D1-BFF4-2DB83CC2A127}.Debug|Any CPU.Build.0 = Debug|Any CPU
		{771BEB37-1F48-40D1-BFF4-2DB83CC2A127}.Release|Any CPU.ActiveCfg = Release|Any CPU
		{771BEB37-1F48-40D1-BFF4-2DB83CC2A127}.Release|Any CPU.Build.0 = Release|Any CPU
		{0134C876-BB2A-468D-9D3F-000545B49F1C}.Debug|Any CPU.ActiveCfg = Debug|Any CPU
		{0134C876-BB2A-468D-9D3F-000545B49F1C}.Debug|Any CPU.Build.0 = Debug|Any CPU
		{0134C876-BB2A-468D-9D3F-000545B49F1C}.Release|Any CPU.ActiveCfg = Release|Any CPU
		{0134C876-BB2A-468D-9D3F-000545B49F1C}.Release|Any CPU.Build.0 = Release|Any CPU
		{7727685E-F373-40D5-90A0-67C5F028970C}.Debug|Any CPU.ActiveCfg = Debug|Any CPU
		{7727685E-F373-40D5-90A0-67C5F028970C}.Debug|Any CPU.Build.0 = Debug|Any CPU
		{7727685E-F373-40D5-90A0-67C5F028970C}.Release|Any CPU.ActiveCfg = Release|Any CPU
		{7727685E-F373-40D5-90A0-67C5F028970C}.Release|Any CPU.Build.0 = Release|Any CPU
		{88EB9A6B-36CC-4ADD-AECA-510AD87C2DBF}.Debug|Any CPU.ActiveCfg = Debug|Any CPU
		{88EB9A6B-36CC-4ADD-AECA-510AD87C2DBF}.Debug|Any CPU.Build.0 = Debug|Any CPU
		{88EB9A6B-36CC-4ADD-AECA-510AD87C2DBF}.Release|Any CPU.ActiveCfg = Release|Any CPU
		{88EB9A6B-36CC-4ADD-AECA-510AD87C2DBF}.Release|Any CPU.Build.0 = Release|Any CPU
	EndGlobalSection
EndGlobal
